// !$*UTF8*$!
{
	archiveVersion = 1;
	classes = {
	};
	objectVersion = 77;
	objects = {

/* Begin PBXBuildFile section */
		B01761B22F5981A600911C23 /* Launch Screen.storyboard in Resources */ = {isa = PBXBuildFile; fileRef = B01761B12F5981A600911C23 /* Launch Screen.storyboard */; };
		B01761B42F59839100911C23 /* opencody.png in Resources */ = {isa = PBXBuildFile; fileRef = B01761B32F59839100911C23 /* opencody.png */; };
		B05C611F2F51BF550058D14E /* MarkdownUI in Frameworks */ = {isa = PBXBuildFile; productRef = B05C611E2F51BF550058D14E /* MarkdownUI */; };
		B05C61FA2F55D7840058D14E /* LDSwiftEventSource in Frameworks */ = {isa = PBXBuildFile; productRef = B05C61F92F55D7840058D14E /* LDSwiftEventSource */; };
		B05C62062F56F8580058D14E /* AppIcon.icon in Resources */ = {isa = PBXBuildFile; fileRef = B05C62052F56F8580058D14E /* AppIcon.icon */; };
		B05C62102F5741BF0058D14E /* HighlightSwift in Frameworks */ = {isa = PBXBuildFile; productRef = B05C62102F5740F00058D14E /* HighlightSwift */; };
/* End PBXBuildFile section */

/* Begin PBXContainerItemProxy section */
		B0CD5F192F4DFB2900E79BBB /* PBXContainerItemProxy */ = {
			isa = PBXContainerItemProxy;
			containerPortal = B0CD5F012F4DFB2700E79BBB /* Project object */;
			proxyType = 1;
			remoteGlobalIDString = B0CD5F082F4DFB2700E79BBB;
			remoteInfo = "OpenCody - An OpenCode Client";
		};
		B0CD5F232F4DFB2900E79BBB /* PBXContainerItemProxy */ = {
			isa = PBXContainerItemProxy;
			containerPortal = B0CD5F012F4DFB2700E79BBB /* Project object */;
			proxyType = 1;
			remoteGlobalIDString = B0CD5F082F4DFB2700E79BBB;
			remoteInfo = "OpenCody - An OpenCode Client";
		};
/* End PBXContainerItemProxy section */

/* Begin PBXFileReference section */
		B01761B12F5981A600911C23 /* Launch Screen.storyboard */ = {isa = PBXFileReference; lastKnownFileType = file.storyboard; path = "Launch Screen.storyboard"; sourceTree = "<group>"; };
		B01761B32F59839100911C23 /* opencody.png */ = {isa = PBXFileReference; lastKnownFileType = image.png; path = opencody.png; sourceTree = "<group>"; };
		B05C62052F56F8580058D14E /* AppIcon.icon */ = {isa = PBXFileReference; lastKnownFileType = folder.iconcomposer.icon; path = AppIcon.icon; sourceTree = "<group>"; };
		B0AA11012F5981A600911C99 /* OpenCodyInfo.plist */ = {isa = PBXFileReference; lastKnownFileType = text.plist.xml; path = OpenCodyInfo.plist; sourceTree = "<group>"; };
		B0CD5F092F4DFB2700E79BBB /* OpenCody - An OpenCode Client.app */ = {isa = PBXFileReference; explicitFileType = wrapper.application; includeInIndex = 0; path = "OpenCody - An OpenCode Client.app"; sourceTree = BUILT_PRODUCTS_DIR; };
		B0CD5F182F4DFB2900E79BBB /* OpenCody - An OpenCode ClientTests.xctest */ = {isa = PBXFileReference; explicitFileType = wrapper.cfbundle; includeInIndex = 0; path = "OpenCody - An OpenCode ClientTests.xctest"; sourceTree = BUILT_PRODUCTS_DIR; };
		B0CD5F222F4DFB2900E79BBB /* OpenCody - An OpenCode ClientUITests.xctest */ = {isa = PBXFileReference; explicitFileType = wrapper.cfbundle; includeInIndex = 0; path = "OpenCody - An OpenCode ClientUITests.xctest"; sourceTree = BUILT_PRODUCTS_DIR; };
/* End PBXFileReference section */

/* Begin PBXFileSystemSynchronizedRootGroup section */
		B0CD5F0B2F4DFB2700E79BBB /* OpenCody - An OpenCode Client */ = {
			isa = PBXFileSystemSynchronizedRootGroup;
			path = "OpenCody - An OpenCode Client";
			sourceTree = "<group>";
		};
		B0CD5F1B2F4DFB2900E79BBB /* OpenCody - An OpenCode ClientTests */ = {
			isa = PBXFileSystemSynchronizedRootGroup;
			path = "OpenCody - An OpenCode ClientTests";
			sourceTree = "<group>";
		};
		B0CD5F252F4DFB2900E79BBB /* OpenCody - An OpenCode ClientUITests */ = {
			isa = PBXFileSystemSynchronizedRootGroup;
			path = "OpenCody - An OpenCode ClientUITests";
			sourceTree = "<group>";
		};
/* End PBXFileSystemSynchronizedRootGroup section */

/* Begin PBXFrameworksBuildPhase section */
		B0CD5F062F4DFB2700E79BBB /* Frameworks */ = {
			isa = PBXFrameworksBuildPhase;
			buildActionMask = 2147483647;
			files = (
				B05C62102F5741BF0058D14E /* HighlightSwift in Frameworks */,
				B05C61FA2F55D7840058D14E /* LDSwiftEventSource in Frameworks */,
				B05C611F2F51BF550058D14E /* MarkdownUI in Frameworks */,
			);
			runOnlyForDeploymentPostprocessing = 0;
		};
		B0CD5F152F4DFB2900E79BBB /* Frameworks */ = {
			isa = PBXFrameworksBuildPhase;
			buildActionMask = 2147483647;
			files = (
			);
			runOnlyForDeploymentPostprocessing = 0;
		};
		B0CD5F1F2F4DFB2900E79BBB /* Frameworks */ = {
			isa = PBXFrameworksBuildPhase;
			buildActionMask = 2147483647;
			files = (
			);
			runOnlyForDeploymentPostprocessing = 0;
		};
/* End PBXFrameworksBuildPhase section */

/* Begin PBXGroup section */
		B0CD5F002F4DFB2700E79BBB = {
			isa = PBXGroup;
			children = (
				B01761B12F5981A600911C23 /* Launch Screen.storyboard */,
				B01761B32F59839100911C23 /* opencody.png */,
				B0AA11012F5981A600911C99 /* OpenCodyInfo.plist */,
				B05C62052F56F8580058D14E /* AppIcon.icon */,
				B0CD5F0B2F4DFB2700E79BBB /* OpenCody - An OpenCode Client */,
				B0CD5F1B2F4DFB2900E79BBB /* OpenCody - An OpenCode ClientTests */,
				B0CD5F252F4DFB2900E79BBB /* OpenCody - An OpenCode ClientUITests */,
				B0CD5F0A2F4DFB2700E79BBB /* Products */,
			);
			sourceTree = "<group>";
		};
		B0CD5F0A2F4DFB2700E79BBB /* Products */ = {
			isa = PBXGroup;
			children = (
				B0CD5F092F4DFB2700E79BBB /* OpenCody - An OpenCode Client.app */,
				B0CD5F182F4DFB2900E79BBB /* OpenCody - An OpenCode ClientTests.xctest */,
				B0CD5F222F4DFB2900E79BBB /* OpenCody - An OpenCode ClientUITests.xctest */,
			);
			name = Products;
			sourceTree = "<group>";
		};
/* End PBXGroup section */

/* Begin PBXNativeTarget section */
		B0CD5F082F4DFB2700E79BBB /* OpenCody - An OpenCode Client */ = {
			isa = PBXNativeTarget;
			buildConfigurationList = B0CD5F2C2F4DFB2900E79BBB /* Build configuration list for PBXNativeTarget "OpenCody - An OpenCode Client" */;
			buildPhases = (
				B0CD5F052F4DFB2700E79BBB /* Sources */,
				B0CD5F062F4DFB2700E79BBB /* Frameworks */,
				B0CD5F072F4DFB2700E79BBB /* Resources */,
			);
			buildRules = (
			);
			dependencies = (
			);
			fileSystemSynchronizedGroups = (
				B0CD5F0B2F4DFB2700E79BBB /* OpenCody - An OpenCode Client */,
			);
			name = "OpenCody - An OpenCode Client";
			packageProductDependencies = (
				B05C611E2F51BF550058D14E /* MarkdownUI */,
				B05C61F92F55D7840058D14E /* LDSwiftEventSource */,
				B05C62102F5740F00058D14E /* HighlightSwift */,
			);
			productName = "OpenCody - An OpenCode Client";
			productReference = B0CD5F092F4DFB2700E79BBB /* OpenCody - An OpenCode Client.app */;
			productType = "com.apple.product-type.application";
		};
		B0CD5F172F4DFB2900E79BBB /* OpenCody - An OpenCode ClientTests */ = {
			isa = PBXNativeTarget;
			buildConfigurationList = B0CD5F2F2F4DFB2900E79BBB /* Build configuration list for PBXNativeTarget "OpenCody - An OpenCode ClientTests" */;
			buildPhases = (
				B0CD5F142F4DFB2900E79BBB /* Sources */,
				B0CD5F152F4DFB2900E79BBB /* Frameworks */,
				B0CD5F162F4DFB2900E79BBB /* Resources */,
			);
			buildRules = (
			);
			dependencies = (
				B0CD5F1A2F4DFB2900E79BBB /* PBXTargetDependency */,
			);
			fileSystemSynchronizedGroups = (
				B0CD5F1B2F4DFB2900E79BBB /* OpenCody - An OpenCode ClientTests */,
			);
			name = "OpenCody - An OpenCode ClientTests";
			packageProductDependencies = (
			);
			productName = "OpenCody - An OpenCode ClientTests";
			productReference = B0CD5F182F4DFB2900E79BBB /* OpenCody - An OpenCode ClientTests.xctest */;
			productType = "com.apple.product-type.bundle.unit-test";
		};
		B0CD5F212F4DFB2900E79BBB /* OpenCody - An OpenCode ClientUITests */ = {
			isa = PBXNativeTarget;
			buildConfigurationList = B0CD5F322F4DFB2900E79BBB /* Build configuration list for PBXNativeTarget "OpenCody - An OpenCode ClientUITests" */;
			buildPhases = (
				B0CD5F1E2F4DFB2900E79BBB /* Sources */,
				B0CD5F1F2F4DFB2900E79BBB /* Frameworks */,
				B0CD5F202F4DFB2900E79BBB /* Resources */,
			);
			buildRules = (
			);
			dependencies = (
				B0CD5F242F4DFB2900E79BBB /* PBXTargetDependency */,
			);
			fileSystemSynchronizedGroups = (
				B0CD5F252F4DFB2900E79BBB /* OpenCody - An OpenCode ClientUITests */,
			);
			name = "OpenCody - An OpenCode ClientUITests";
			packageProductDependencies = (
			);
			productName = "OpenCody - An OpenCode ClientUITests";
			productReference = B0CD5F222F4DFB2900E79BBB /* OpenCody - An OpenCode ClientUITests.xctest */;
			productType = "com.apple.product-type.bundle.ui-testing";
		};
/* End PBXNativeTarget section */

/* Begin PBXProject section */
		B0CD5F012F4DFB2700E79BBB /* Project object */ = {
			isa = PBXProject;
			attributes = {
				BuildIndependentTargetsInParallel = 1;
				LastSwiftUpdateCheck = 2620;
				LastUpgradeCheck = 2620;
				TargetAttributes = {
					B0CD5F082F4DFB2700E79BBB = {
						CreatedOnToolsVersion = 26.2;
					};
					B0CD5F172F4DFB2900E79BBB = {
						CreatedOnToolsVersion = 26.2;
						TestTargetID = B0CD5F082F4DFB2700E79BBB;
					};
					B0CD5F212F4DFB2900E79BBB = {
						CreatedOnToolsVersion = 26.2;
						TestTargetID = B0CD5F082F4DFB2700E79BBB;
					};
				};
			};
			buildConfigurationList = B0CD5F042F4DFB2700E79BBB /* Build configuration list for PBXProject "OpenCody - An OpenCode Client" */;
			developmentRegion = en;
			hasScannedForEncodings = 0;
			knownRegions = (
				en,
				Base,
			);
			mainGroup = B0CD5F002F4DFB2700E79BBB;
			minimizedProjectReferenceProxies = 1;
			packageReferences = (
				B05C611D2F51BF550058D14E /* XCRemoteSwiftPackageReference "swift-markdown-ui" */,
				B05C61F82F55D7840058D14E /* XCRemoteSwiftPackageReference "swift-eventsource" */,
				B05C620F2F5740F00058D14E /* XCRemoteSwiftPackageReference "HighlightSwift" */,
			);
			preferredProjectObjectVersion = 77;
			productRefGroup = B0CD5F0A2F4DFB2700E79BBB /* Products */;
			projectDirPath = "";
			projectRoot = "";
			targets = (
				B0CD5F082F4DFB2700E79BBB /* OpenCody - An OpenCode Client */,
				B0CD5F172F4DFB2900E79BBB /* OpenCody - An OpenCode ClientTests */,
				B0CD5F212F4DFB2900E79BBB /* OpenCody - An OpenCode ClientUITests */,
			);
		};
/* End PBXProject section */

/* Begin PBXResourcesBuildPhase section */
		B0CD5F072F4DFB2700E79BBB /* Resources */ = {
			isa = PBXResourcesBuildPhase;
			buildActionMask = 2147483647;
			files = (
				B05C62062F56F8580058D14E /* AppIcon.icon in Resources */,
				B01761B42F59839100911C23 /* opencody.png in Resources */,
				B01761B22F5981A600911C23 /* Launch Screen.storyboard in Resources */,
			);
			runOnlyForDeploymentPostprocessing = 0;
		};
		B0CD5F162F4DFB2900E79BBB /* Resources */ = {
			isa = PBXResourcesBuildPhase;
			buildActionMask = 2147483647;
			files = (
			);
			runOnlyForDeploymentPostprocessing = 0;
		};
		B0CD5F202F4DFB2900E79BBB /* Resources */ = {
			isa = PBXResourcesBuildPhase;
			buildActionMask = 2147483647;
			files = (
			);
			runOnlyForDeploymentPostprocessing = 0;
		};
/* End PBXResourcesBuildPhase section */

/* Begin PBXSourcesBuildPhase section */
		B0CD5F052F4DFB2700E79BBB /* Sources */ = {
			isa = PBXSourcesBuildPhase;
			buildActionMask = 2147483647;
			files = (
			);
			runOnlyForDeploymentPostprocessing = 0;
		};
		B0CD5F142F4DFB2900E79BBB /* Sources */ = {
			isa = PBXSourcesBuildPhase;
			buildActionMask = 2147483647;
			files = (
			);
			runOnlyForDeploymentPostprocessing = 0;
		};
		B0CD5F1E2F4DFB2900E79BBB /* Sources */ = {
			isa = PBXSourcesBuildPhase;
			buildActionMask = 2147483647;
			files = (
			);
			runOnlyForDeploymentPostprocessing = 0;
		};
/* End PBXSourcesBuildPhase section */

/* Begin PBXTargetDependency section */
		B0CD5F1A2F4DFB2900E79BBB /* PBXTargetDependency */ = {
			isa = PBXTargetDependency;
			target = B0CD5F082F4DFB2700E79BBB /* OpenCody - An OpenCode Client */;
			targetProxy = B0CD5F192F4DFB2900E79BBB /* PBXContainerItemProxy */;
		};
		B0CD5F242F4DFB2900E79BBB /* PBXTargetDependency */ = {
			isa = PBXTargetDependency;
			target = B0CD5F082F4DFB2700E79BBB /* OpenCody - An OpenCode Client */;
			targetProxy = B0CD5F232F4DFB2900E79BBB /* PBXContainerItemProxy */;
		};
/* End PBXTargetDependency section */

/* Begin XCBuildConfiguration section */
		B0CD5F2A2F4DFB2900E79BBB /* Debug */ = {
			isa = XCBuildConfiguration;
			buildSettings = {
				ALWAYS_SEARCH_USER_PATHS = NO;
				ASSETCATALOG_COMPILER_GENERATE_SWIFT_ASSET_SYMBOL_EXTENSIONS = YES;
				CLANG_ANALYZER_NONNULL = YES;
				CLANG_ANALYZER_NUMBER_OBJECT_CONVERSION = YES_AGGRESSIVE;
				CLANG_CXX_LANGUAGE_STANDARD = "gnu++20";
				CLANG_ENABLE_MODULES = YES;
				CLANG_ENABLE_OBJC_ARC = YES;
				CLANG_ENABLE_OBJC_WEAK = YES;
				CLANG_WARN_BLOCK_CAPTURE_AUTORELEASING = YES;
				CLANG_WARN_BOOL_CONVERSION = YES;
				CLANG_WARN_COMMA = YES;
				CLANG_WARN_CONSTANT_CONVERSION = YES;
				CLANG_WARN_DEPRECATED_OBJC_IMPLEMENTATIONS = YES;
				CLANG_WARN_DIRECT_OBJC_ISA_USAGE = YES_ERROR;
				CLANG_WARN_DOCUMENTATION_COMMENTS = YES;
				CLANG_WARN_EMPTY_BODY = YES;
				CLANG_WARN_ENUM_CONVERSION = YES;
				CLANG_WARN_INFINITE_RECURSION = YES;
				CLANG_WARN_INT_CONVERSION = YES;
				CLANG_WARN_NON_LITERAL_NULL_CONVERSION = YES;
				CLANG_WARN_OBJC_IMPLICIT_RETAIN_SELF = YES;
				CLANG_WARN_OBJC_LITERAL_CONVERSION = YES;
				CLANG_WARN_OBJC_ROOT_CLASS = YES_ERROR;
				CLANG_WARN_QUOTED_INCLUDE_IN_FRAMEWORK_HEADER = YES;
				CLANG_WARN_RANGE_LOOP_ANALYSIS = YES;
				CLANG_WARN_STRICT_PROTOTYPES = YES;
				CLANG_WARN_SUSPICIOUS_MOVE = YES;
				CLANG_WARN_UNGUARDED_AVAILABILITY = YES_AGGRESSIVE;
				CLANG_WARN_UNREACHABLE_CODE = YES;
				CLANG_WARN__DUPLICATE_METHOD_MATCH = YES;
				COPY_PHASE_STRIP = NO;
				DEBUG_INFORMATION_FORMAT = dwarf;
				DEVELOPMENT_TEAM = "";
				ENABLE_STRICT_OBJC_MSGSEND = YES;
				ENABLE_TESTABILITY = YES;
				ENABLE_USER_SCRIPT_SANDBOXING = YES;
				GCC_C_LANGUAGE_STANDARD = gnu17;
				GCC_DYNAMIC_NO_PIC = NO;
				GCC_NO_COMMON_BLOCKS = YES;
				GCC_OPTIMIZATION_LEVEL = 0;
				GCC_PREPROCESSOR_DEFINITIONS = (
					"DEBUG=1",
					"$(inherited)",
				);
				GCC_WARN_64_TO_32_BIT_CONVERSION = YES;
				GCC_WARN_ABOUT_RETURN_TYPE = YES_ERROR;
				GCC_WARN_UNDECLARED_SELECTOR = YES;
				GCC_WARN_UNINITIALIZED_AUTOS = YES_AGGRESSIVE;
				GCC_WARN_UNUSED_FUNCTION = YES;
				GCC_WARN_UNUSED_VARIABLE = YES;
				IPHONEOS_DEPLOYMENT_TARGET = 26.2;
				LOCALIZATION_PREFERS_STRING_CATALOGS = YES;
				MTL_ENABLE_DEBUG_INFO = INCLUDE_SOURCE;
				MTL_FAST_MATH = YES;
				ONLY_ACTIVE_ARCH = YES;
				SDKROOT = iphoneos;
				SWIFT_ACTIVE_COMPILATION_CONDITIONS = "DEBUG $(inherited)";
				SWIFT_OPTIMIZATION_LEVEL = "-Onone";
			};
			name = Debug;
		};
		B0CD5F2B2F4DFB2900E79BBB /* Release */ = {
			isa = XCBuildConfiguration;
			buildSettings = {
				ALWAYS_SEARCH_USER_PATHS = NO;
				ASSETCATALOG_COMPILER_GENERATE_SWIFT_ASSET_SYMBOL_EXTENSIONS = YES;
				CLANG_ANALYZER_NONNULL = YES;
				CLANG_ANALYZER_NUMBER_OBJECT_CONVERSION = YES_AGGRESSIVE;
				CLANG_CXX_LANGUAGE_STANDARD = "gnu++20";
				CLANG_ENABLE_MODULES = YES;
				CLANG_ENABLE_OBJC_ARC = YES;
				CLANG_ENABLE_OBJC_WEAK = YES;
				CLANG_WARN_BLOCK_CAPTURE_AUTORELEASING = YES;
				CLANG_WARN_BOOL_CONVERSION = YES;
				CLANG_WARN_COMMA = YES;
				CLANG_WARN_CONSTANT_CONVERSION = YES;
				CLANG_WARN_DEPRECATED_OBJC_IMPLEMENTATIONS = YES;
				CLANG_WARN_DIRECT_OBJC_ISA_USAGE = YES_ERROR;
				CLANG_WARN_DOCUMENTATION_COMMENTS = YES;
				CLANG_WARN_EMPTY_BODY = YES;
				CLANG_WARN_ENUM_CONVERSION = YES;
				CLANG_WARN_INFINITE_RECURSION = YES;
				CLANG_WARN_INT_CONVERSION = YES;
				CLANG_WARN_NON_LITERAL_NULL_CONVERSION = YES;
				CLANG_WARN_OBJC_IMPLICIT_RETAIN_SELF = YES;
				CLANG_WARN_OBJC_LITERAL_CONVERSION = YES;
				CLANG_WARN_OBJC_ROOT_CLASS = YES_ERROR;
				CLANG_WARN_QUOTED_INCLUDE_IN_FRAMEWORK_HEADER = YES;
				CLANG_WARN_RANGE_LOOP_ANALYSIS = YES;
				CLANG_WARN_STRICT_PROTOTYPES = YES;
				CLANG_WARN_SUSPICIOUS_MOVE = YES;
				CLANG_WARN_UNGUARDED_AVAILABILITY = YES_AGGRESSIVE;
				CLANG_WARN_UNREACHABLE_CODE = YES;
				CLANG_WARN__DUPLICATE_METHOD_MATCH = YES;
				COPY_PHASE_STRIP = NO;
				DEBUG_INFORMATION_FORMAT = "dwarf-with-dsym";
				DEVELOPMENT_TEAM = "";
				ENABLE_NS_ASSERTIONS = NO;
				ENABLE_STRICT_OBJC_MSGSEND = YES;
				ENABLE_USER_SCRIPT_SANDBOXING = YES;
				GCC_C_LANGUAGE_STANDARD = gnu17;
				GCC_NO_COMMON_BLOCKS = YES;
				GCC_WARN_64_TO_32_BIT_CONVERSION = YES;
				GCC_WARN_ABOUT_RETURN_TYPE = YES_ERROR;
				GCC_WARN_UNDECLARED_SELECTOR = YES;
				GCC_WARN_UNINITIALIZED_AUTOS = YES_AGGRESSIVE;
				GCC_WARN_UNUSED_FUNCTION = YES;
				GCC_WARN_UNUSED_VARIABLE = YES;
				IPHONEOS_DEPLOYMENT_TARGET = 26.2;
				LOCALIZATION_PREFERS_STRING_CATALOGS = YES;
				MTL_ENABLE_DEBUG_INFO = NO;
				MTL_FAST_MATH = YES;
				SDKROOT = iphoneos;
				SWIFT_COMPILATION_MODE = wholemodule;
				VALIDATE_PRODUCT = YES;
			};
			name = Release;
		};
		B0CD5F2D2F4DFB2900E79BBB /* Debug */ = {
			isa = XCBuildConfiguration;
			buildSettings = {
				ASSETCATALOG_COMPILER_APPICON_NAME = AppIcon;
				ASSETCATALOG_COMPILER_GLOBAL_ACCENT_COLOR_NAME = AccentColor;
				ASSETCATALOG_COMPILER_INCLUDE_ALL_APPICON_ASSETS = YES;
				CODE_SIGN_STYLE = Automatic;
				CURRENT_PROJECT_VERSION = 1;
				DEVELOPMENT_TEAM = Q738AAV584;
				ENABLE_PREVIEWS = YES;
				GENERATE_INFOPLIST_FILE = YES;
				INFOPLIST_FILE = OpenCodyInfo.plist;
				INFOPLIST_KEY_CFBundleDisplayName = "OpenCody - An OpenCode Client";
				INFOPLIST_KEY_LSApplicationCategoryType = "public.app-category.productivity";
				INFOPLIST_KEY_UIApplicationSceneManifest_Generation = YES;
				INFOPLIST_KEY_UIApplicationSupportsIndirectInputEvents = YES;
				INFOPLIST_KEY_UIStatusBarStyle = "";
				INFOPLIST_KEY_UISupportedInterfaceOrientations_iPad = "UIInterfaceOrientationPortrait UIInterfaceOrientationPortraitUpsideDown UIInterfaceOrientationLandscapeLeft UIInterfaceOrientationLandscapeRight";
				INFOPLIST_KEY_UISupportedInterfaceOrientations_iPhone = "UIInterfaceOrientationPortrait UIInterfaceOrientationLandscapeLeft UIInterfaceOrientationLandscapeRight";
				IPHONEOS_DEPLOYMENT_TARGET = 26;
				LD_RUNPATH_SEARCH_PATHS = (
					"$(inherited)",
					"@executable_path/Frameworks",
				);
				MARKETING_VERSION = 1.7;
				PRODUCT_BUNDLE_IDENTIFIER = wss.OpenCody;
				PRODUCT_NAME = "$(TARGET_NAME)";
				STRING_CATALOG_GENERATE_SYMBOLS = YES;
				SWIFT_APPROACHABLE_CONCURRENCY = YES;
				SWIFT_DEFAULT_ACTOR_ISOLATION = MainActor;
				SWIFT_EMIT_LOC_STRINGS = YES;
				SWIFT_UPCOMING_FEATURE_MEMBER_IMPORT_VISIBILITY = YES;
				SWIFT_VERSION = 5.9;
				TARGETED_DEVICE_FAMILY = "1,2";
			};
			name = Debug;
		};
		B0CD5F2E2F4DFB2900E79BBB /* Release */ = {
			isa = XCBuildConfiguration;
			buildSettings = {
				ASSETCATALOG_COMPILER_APPICON_NAME = AppIcon;
				ASSETCATALOG_COMPILER_GLOBAL_ACCENT_COLOR_NAME = AccentColor;
				ASSETCATALOG_COMPILER_INCLUDE_ALL_APPICON_ASSETS = YES;
				CODE_SIGN_STYLE = Automatic;
				CURRENT_PROJECT_VERSION = 1;
				DEVELOPMENT_TEAM = Q738AAV584;
				ENABLE_PREVIEWS = YES;
				GENERATE_INFOPLIST_FILE = YES;
				INFOPLIST_FILE = OpenCodyInfo.plist;
				INFOPLIST_KEY_CFBundleDisplayName = "OpenCody - An OpenCode Client";
				INFOPLIST_KEY_LSApplicationCategoryType = "public.app-category.productivity";
				INFOPLIST_KEY_UIApplicationSceneManifest_Generation = YES;
				INFOPLIST_KEY_UIApplicationSupportsIndirectInputEvents = YES;
				INFOPLIST_KEY_UIStatusBarStyle = "";
				INFOPLIST_KEY_UISupportedInterfaceOrientations_iPad = "UIInterfaceOrientationPortrait UIInterfaceOrientationPortraitUpsideDown UIInterfaceOrientationLandscapeLeft UIInterfaceOrientationLandscapeRight";
				INFOPLIST_KEY_UISupportedInterfaceOrientations_iPhone = "UIInterfaceOrientationPortrait UIInterfaceOrientationLandscapeLeft UIInterfaceOrientationLandscapeRight";
				IPHONEOS_DEPLOYMENT_TARGET = 26;
				LD_RUNPATH_SEARCH_PATHS = (
					"$(inherited)",
					"@executable_path/Frameworks",
				);
				MARKETING_VERSION = 1.7;
				PRODUCT_BUNDLE_IDENTIFIER = wss.OpenCody;
				PRODUCT_NAME = "$(TARGET_NAME)";
				STRING_CATALOG_GENERATE_SYMBOLS = YES;
				SWIFT_APPROACHABLE_CONCURRENCY = YES;
				SWIFT_DEFAULT_ACTOR_ISOLATION = MainActor;
				SWIFT_EMIT_LOC_STRINGS = YES;
				SWIFT_UPCOMING_FEATURE_MEMBER_IMPORT_VISIBILITY = YES;
				SWIFT_VERSION = 5.9;
				TARGETED_DEVICE_FAMILY = "1,2";
			};
			name = Release;
		};
		B0CD5F302F4DFB2900E79BBB /* Debug */ = {
			isa = XCBuildConfiguration;
			buildSettings = {
				BUNDLE_LOADER = "$(TEST_HOST)";
				CODE_SIGN_STYLE = Automatic;
				CURRENT_PROJECT_VERSION = 1;
				DEVELOPMENT_TEAM = "";
				GENERATE_INFOPLIST_FILE = YES;
				IPHONEOS_DEPLOYMENT_TARGET = 26.2;
				MARKETING_VERSION = 1.0;
				PRODUCT_BUNDLE_IDENTIFIER = "wss.OpenCody---An-OpenCode-ClientTests";
				PRODUCT_NAME = "$(TARGET_NAME)";
				STRING_CATALOG_GENERATE_SYMBOLS = NO;
				SWIFT_APPROACHABLE_CONCURRENCY = YES;
				SWIFT_EMIT_LOC_STRINGS = NO;
				SWIFT_UPCOMING_FEATURE_MEMBER_IMPORT_VISIBILITY = YES;
				SWIFT_VERSION = 5.9;
				TARGETED_DEVICE_FAMILY = "1,2";
				TEST_HOST = "$(BUILT_PRODUCTS_DIR)/OpenCody - An OpenCode Client.app/$(BUNDLE_EXECUTABLE_FOLDER_PATH)/OpenCody - An OpenCode Client";
			};
			name = Debug;
		};
		B0CD5F312F4DFB2900E79BBB /* Release */ = {
			isa = XCBuildConfiguration;
			buildSettings = {
				BUNDLE_LOADER = "$(TEST_HOST)";
				CODE_SIGN_STYLE = Automatic;
				CURRENT_PROJECT_VERSION = 1;
				DEVELOPMENT_TEAM = "";
				GENERATE_INFOPLIST_FILE = YES;
				IPHONEOS_DEPLOYMENT_TARGET = 26.2;
				MARKETING_VERSION = 1.0;
				PRODUCT_BUNDLE_IDENTIFIER = "wss.OpenCody---An-OpenCode-ClientTests";
				PRODUCT_NAME = "$(TARGET_NAME)";
				STRING_CATALOG_GENERATE_SYMBOLS = NO;
				SWIFT_APPROACHABLE_CONCURRENCY = YES;
				SWIFT_EMIT_LOC_STRINGS = NO;
				SWIFT_UPCOMING_FEATURE_MEMBER_IMPORT_VISIBILITY = YES;
				SWIFT_VERSION = 5.9;
				TARGETED_DEVICE_FAMILY = "1,2";
				TEST_HOST = "$(BUILT_PRODUCTS_DIR)/OpenCody - An OpenCode Client.app/$(BUNDLE_EXECUTABLE_FOLDER_PATH)/OpenCody - An OpenCode Client";
			};
			name = Release;
		};
		B0CD5F332F4DFB2900E79BBB /* Debug */ = {
			isa = XCBuildConfiguration;
			buildSettings = {
				CODE_SIGN_STYLE = Automatic;
				CURRENT_PROJECT_VERSION = 1;
				DEVELOPMENT_TEAM = "";
				GENERATE_INFOPLIST_FILE = YES;
				MARKETING_VERSION = 1.0;
				PRODUCT_BUNDLE_IDENTIFIER = "wss.OpenCody---An-OpenCode-ClientUITests";
				PRODUCT_NAME = "$(TARGET_NAME)";
				STRING_CATALOG_GENERATE_SYMBOLS = NO;
				SWIFT_APPROACHABLE_CONCURRENCY = YES;
				SWIFT_EMIT_LOC_STRINGS = NO;
				SWIFT_UPCOMING_FEATURE_MEMBER_IMPORT_VISIBILITY = YES;
				SWIFT_VERSION = 5.9;
				TARGETED_DEVICE_FAMILY = "1,2";
				TEST_TARGET_NAME = "OpenCody - An OpenCode Client";
			};
			name = Debug;
		};
		B0CD5F342F4DFB2900E79BBB /* Release */ = {
			isa = XCBuildConfiguration;
			buildSettings = {
				CODE_SIGN_STYLE = Automatic;
				CURRENT_PROJECT_VERSION = 1;
				DEVELOPMENT_TEAM = "";
				GENERATE_INFOPLIST_FILE = YES;
				MARKETING_VERSION = 1.0;
				PRODUCT_BUNDLE_IDENTIFIER = "wss.OpenCody---An-OpenCode-ClientUITests";
				PRODUCT_NAME = "$(TARGET_NAME)";
				STRING_CATALOG_GENERATE_SYMBOLS = NO;
				SWIFT_APPROACHABLE_CONCURRENCY = YES;
				SWIFT_EMIT_LOC_STRINGS = NO;
				SWIFT_UPCOMING_FEATURE_MEMBER_IMPORT_VISIBILITY = YES;
				SWIFT_VERSION = 5.9;
				TARGETED_DEVICE_FAMILY = "1,2";
				TEST_TARGET_NAME = "OpenCody - An OpenCode Client";
			};
			name = Release;
		};
/* End XCBuildConfiguration section */

/* Begin XCConfigurationList section */
		B0CD5F042F4DFB2700E79BBB /* Build configuration list for PBXProject "OpenCody - An OpenCode Client" */ = {
			isa = XCConfigurationList;
			buildConfigurations = (
				B0CD5F2A2F4DFB2900E79BBB /* Debug */,
				B0CD5F2B2F4DFB2900E79BBB /* Release */,
			);
			defaultConfigurationIsVisible = 0;
			defaultConfigurationName = Release;
		};
		B0CD5F2C2F4DFB2900E79BBB /* Build configuration list for PBXNativeTarget "OpenCody - An OpenCode Client" */ = {
			isa = XCConfigurationList;
			buildConfigurations = (
				B0CD5F2D2F4DFB2900E79BBB /* Debug */,
				B0CD5F2E2F4DFB2900E79BBB /* Release */,
			);
			defaultConfigurationIsVisible = 0;
			defaultConfigurationName = Release;
		};
		B0CD5F2F2F4DFB2900E79BBB /* Build configuration list for PBXNativeTarget "OpenCody - An OpenCode ClientTests" */ = {
			isa = XCConfigurationList;
			buildConfigurations = (
				B0CD5F302F4DFB2900E79BBB /* Debug */,
				B0CD5F312F4DFB2900E79BBB /* Release */,
			);
			defaultConfigurationIsVisible = 0;
			defaultConfigurationName = Release;
		};
		B0CD5F322F4DFB2900E79BBB /* Build configuration list for PBXNativeTarget "OpenCody - An OpenCode ClientUITests" */ = {
			isa = XCConfigurationList;
			buildConfigurations = (
				B0CD5F332F4DFB2900E79BBB /* Debug */,
				B0CD5F342F4DFB2900E79BBB /* Release */,
			);
			defaultConfigurationIsVisible = 0;
			defaultConfigurationName = Release;
		};
/* End XCConfigurationList section */

/* Begin XCRemoteSwiftPackageReference section */
		B05C611D2F51BF550058D14E /* XCRemoteSwiftPackageReference "swift-markdown-ui" */ = {
			isa = XCRemoteSwiftPackageReference;
			repositoryURL = "https://github.com/gonzalezreal/swift-markdown-ui";
			requirement = {
				kind = upToNextMajorVersion;
				minimumVersion = 2.4.1;
			};
		};
		B05C61F82F55D7840058D14E /* XCRemoteSwiftPackageReference "swift-eventsource" */ = {
			isa = XCRemoteSwiftPackageReference;
			repositoryURL = "https://github.com/launchdarkly/swift-eventsource";
			requirement = {
				kind = upToNextMajorVersion;
				minimumVersion = 3.3.0;
			};
		};
		B05C620F2F5740F00058D14E /* XCRemoteSwiftPackageReference "HighlightSwift" */ = {
			isa = XCRemoteSwiftPackageReference;
			repositoryURL = "https://github.com/appstefan/HighlightSwift";
			requirement = {
				kind = upToNextMajorVersion;
				minimumVersion = 1.0.9;
			};
		};
/* End XCRemoteSwiftPackageReference section */

/* Begin XCSwiftPackageProductDependency section */
		B05C611E2F51BF550058D14E /* MarkdownUI */ = {
			isa = XCSwiftPackageProductDependency;
			package = B05C611D2F51BF550058D14E /* XCRemoteSwiftPackageReference "swift-markdown-ui" */;
			productName = MarkdownUI;
		};
		B05C61F92F55D7840058D14E /* LDSwiftEventSource */ = {
			isa = XCSwiftPackageProductDependency;
			package = B05C61F82F55D7840058D14E /* XCRemoteSwiftPackageReference "swift-eventsource" */;
			productName = LDSwiftEventSource;
		};
		B05C62102F5740F00058D14E /* HighlightSwift */ = {
			isa = XCSwiftPackageProductDependency;
			package = B05C620F2F5740F00058D14E /* XCRemoteSwiftPackageReference "HighlightSwift" */;
			productName = HighlightSwift;
		};
/* End XCSwiftPackageProductDependency section */
	};
	rootObject = B0CD5F012F4DFB2700E79BBB /* Project object */;
}
